<Solution>
  <Project Path="ABR.Api/ABR.Api.csproj" />
  <Project Path="ABR.Application/ABR.Application.csproj" />
  <Project Path="ABR.Application.Tests/ABR.Application.Tests.csproj" />
  <Project Path="ABR.Domain/ABR.Domain.csproj" />
  <Project Path="ABR.Infrastructure/ABR.Infrastructure.csproj" />
  <Project Path="ABR.Infrastructure.Tests/ABR.Infrastructure.Tests.csproj" />
  <Project Path="ABR.Tools.Secrets/ABR.Tools.Secrets.csproj" />
</Solution>
